
Microsoft Visual Studio Solution File, Format Version 12.00
# Visual Studio Version 17
VisualStudioVersion = 17.5.002.0
MinimumVisualStudioVersion = 10.0.40219.1
Project("{9A19103F-16F7-4668-BE54-9A1E7A4F7556}") = "Session-1", "Session-1\Session-1.csproj", "{B5539612-E284-492E-AEFD-11F5DFBDA5CE}"
EndProject
Global
	GlobalSection(SolutionConfigurationPlatforms) = preSolution
		Debug|Any CPU = Debug|Any CPU
		Release|Any CPU = Release|Any CPU
	EndGlobalSection
	GlobalSection(ProjectConfigurationPlatforms) = postSolution
		{B5539612-E284-492E-AEFD-11F5DFBDA5CE}.Debug|Any CPU.ActiveCfg = Debug|Any CPU
		{B5539612-E284-492E-AEFD-11F5DFBDA5CE}.Debug|Any CPU.Build.0 = Debug|Any CPU
		{B5539612-E284-492E-AEFD-11F5DFBDA5CE}.Release|Any CPU.ActiveCfg = Release|Any CPU
		{B5539612-E284-492E-AEFD-11F5DFBDA5CE}.Release|Any CPU.Build.0 = Release|Any CPU
	EndGlobalSection
	GlobalSection(SolutionProperties) = preSolution
		HideSolutionNode = FALSE
	EndGlobalSection
	GlobalSection(ExtensibilityGlobals) = postSolution
		SolutionGuid = {689058EC-425D-4243-89DF-B7272346AA75}
	EndGlobalSection
EndGlobal
